
Microsoft Visual Studio Solution File, Format Version 12.00
# Visual Studio Version 16
VisualStudioVersion = 16.0.30804.86
MinimumVisualStudioVersion = 10.0.40219.1
Project("{FAE04EC0-301F-11D3-BF4B-00C04F79EFBC}") = "AbstractFactoryDesignpattern", "AbstractFactoryDesignpattern\AbstractFactoryDesignpattern.csproj", "{D71EA8DB-9160-467D-9605-EF0B9B16F5B0}"
EndProject
Global
	GlobalSection(SolutionConfigurationPlatforms) = preSolution
		Debug|Any CPU = Debug|Any CPU
		Release|Any CPU = Release|Any CPU
	EndGlobalSection
	GlobalSection(ProjectConfigurationPlatforms) = postSolution
		{D71EA8DB-9160-467D-9605-EF0B9B16F5B0}.Debug|Any CPU.ActiveCfg = Debug|Any CPU
		{D71EA8DB-9160-467D-9605-EF0B9B16F5B0}.Debug|Any CPU.Build.0 = Debug|Any CPU
		{D71EA8DB-9160-467D-9605-EF0B9B16F5B0}.Release|Any CPU.ActiveCfg = Release|Any CPU
		{D71EA8DB-9160-467D-9605-EF0B9B16F5B0}.Release|Any CPU.Build.0 = Release|Any CPU
	EndGlobalSection
	GlobalSection(SolutionProperties) = preSolution
		HideSolutionNode = FALSE
	EndGlobalSection
	GlobalSection(ExtensibilityGlobals) = postSolution
		SolutionGuid = {42C9D5AB-BA25-4787-BC83-4C8B5B7C2EEC}
	EndGlobalSection
EndGlobal
